{
    "_readme": [
        "This file locks the dependencies of your project to a known state",
        "Read more about it at https://getcomposer.org/doc/01-basic-usage.md#installing-dependencies",
        "This file is @generated automatically"
    ],
    "content-hash": "00cecba65063b6890a82223b58a60fce",
    "packages": [
        {
            "name": "phpgt/cssxpath",
            "version": "v1.1.2",
            "source": {
                "type": "git",
                "url": "https://github.com/PhpGt/CssXPath.git",
                "reference": "cca4df1a33e18aff1bb775372ece5fddb032ba67"
            },
            "dist": {
                "type": "zip",
                "url": "https://api.github.com/repos/PhpGt/CssXPath/zipball/cca4df1a33e18aff1bb775372ece5fddb032ba67",
                "reference": "cca4df1a33e18aff1bb775372ece5fddb032ba67",
                "shasum": ""
            },
            "require": {
                "php": ">=7.2"
            },
            "require-dev": {
                "phpgt/dom": "*",
                "phpunit/phpunit": "^8.0"
            },
            "type": "library",
            "autoload": {
                "psr-4": {
                    "Gt\\CssXPath\\": "./src"
                }
            },
            "notification-url": "https://packagist.org/downloads/",
            "license": [
                "MIT"
            ],
            "authors": [
                {
                    "name": "Greg Bowler",
                    "email": "greg.bowler@g105b.com",
                    "homepage": "https://www.g105b.com",
                    "role": "Developer"
                }
            ],
            "description": "Convert CSS selectors to XPath queries.",
            "support": {
                "issues": "https://github.com/PhpGt/CssXPath/issues",
                "source": "https://github.com/PhpGt/CssXPath/tree/v1.1.2"
            },
            "time": "2019-11-08T13:40:04+00:00"
        },
        {
            "name": "phpgt/dom",
            "version": "v2.2.1",
            "source": {
                "type": "git",
                "url": "https://github.com/PhpGt/Dom.git",
                "reference": "af202e2005fdbb2abc39e9f01defafe799dbc402"
            },
            "dist": {
                "type": "zip",
                "url": "https://api.github.com/repos/PhpGt/Dom/zipball/af202e2005fdbb2abc39e9f01defafe799dbc402",
                "reference": "af202e2005fdbb2abc39e9f01defafe799dbc402",
                "shasum": ""
            },
            "require": {
                "ext-dom": "*",
                "ext-libxml": "*",
                "ext-mbstring": "*",
                "php": ">=7.2",
                "phpgt/cssxpath": ">=1.1.2",
                "psr/http-message": "1.*"
            },
            "require-dev": {
                "phpunit/phpunit": ">=9.3.8"
            },
            "type": "library",
            "autoload": {
                "psr-4": {
                    "Gt\\Dom\\": "./src"
                }
            },
            "notification-url": "https://packagist.org/downloads/",
            "license": [
                "MIT"
            ],
            "authors": [
                {
                    "name": "Greg Bowler",
                    "email": "greg.bowler@g105b.com",
                    "homepage": "https://www.g105b.com",
                    "role": "Developer"
                },
                {
                    "name": "Alvaro Guimaraes",
                    "homepage": "https://github.com/aguimaraes",
                    "role": "Developer"
                },
                {
                    "name": "James Fellows",
                    "homepage": "https://github.com/j4m3s",
                    "role": "Developer"
                },
                {
                    "name": "Emile Ward",
                    "homepage": "https://github.com/emileward",
                    "role": "Developer"
                },
                {
                    "name": "Jelmer Wijnja",
                    "homepage": "https://github.com/Jelmergu",
                    "role": "Developer"
                },
                {
                    "name": "Ognjen Petrovic",
                    "homepage": "https://github.com/ognjen-petrovic",
                    "role": "Developer"
                },
                {
                    "name": "Jacob Bearden",
                    "homepage": "https://github.com/jacobbearden",
                    "role": "Documentation contributor"
                },
                {
                    "name": "Jaroslav Týc",
                    "homepage": "https://www.jaroslavtyc.com/",
                    "role": "Developer"
                }
            ],
            "description": "The modern DOM API for PHP projects.",
            "support": {
                "issues": "https://github.com/PhpGt/Dom/issues",
                "source": "https://github.com/PhpGt/Dom/tree/v2.2.1"
            },
            "funding": [
                {
                    "url": "https://github.com/phpgt",
                    "type": "github"
                }
            ],
            "time": "2020-12-23T12:31:06+00:00"
        },
        {
            "name": "psr/http-message",
            "version": "1.0.1",
            "source": {
                "type": "git",
                "url": "https://github.com/php-fig/http-message.git",
                "reference": "f6561bf28d520154e4b0ec72be95418abe6d9363"
            },
            "dist": {
                "type": "zip",
                "url": "https://api.github.com/repos/php-fig/http-message/zipball/f6561bf28d520154e4b0ec72be95418abe6d9363",
                "reference": "f6561bf28d520154e4b0ec72be95418abe6d9363",
                "shasum": ""
            },
            "require": {
                "php": ">=5.3.0"
            },
            "type": "library",
            "extra": {
                "branch-alias": {
                    "dev-master": "1.0.x-dev"
                }
            },
            "autoload": {
                "psr-4": {
                    "Psr\\Http\\Message\\": "src/"
                }
            },
            "notification-url": "https://packagist.org/downloads/",
            "license": [
                "MIT"
            ],
            "authors": [
                {
                    "name": "PHP-FIG",
                    "homepage": "http://www.php-fig.org/"
                }
            ],
            "description": "Common interface for HTTP messages",
            "homepage": "https://github.com/php-fig/http-message",
            "keywords": [
                "http",
                "http-message",
                "psr",
                "psr-7",
                "request",
                "response"
            ],
            "support": {
                "source": "https://github.com/php-fig/http-message/tree/master"
            },
            "time": "2016-08-06T14:39:51+00:00"
        },
        {
            "name": "scssphp/scssphp",
            "version": "v1.8.1",
            "source": {
                "type": "git",
                "url": "https://github.com/scssphp/scssphp.git",
                "reference": "5e37759a63caf54392a4b709358a39ac7425a69f"
            },
            "dist": {
                "type": "zip",
                "url": "https://api.github.com/repos/scssphp/scssphp/zipball/5e37759a63caf54392a4b709358a39ac7425a69f",
                "reference": "5e37759a63caf54392a4b709358a39ac7425a69f",
                "shasum": ""
            },
            "require": {
                "ext-ctype": "*",
                "ext-json": "*",
                "php": ">=5.6.0"
            },
            "require-dev": {
                "bamarni/composer-bin-plugin": "^1.4",
                "phpunit/phpunit": "^5.7 || ^6.5 || ^7.5 || ^8.3 || ^9.4",
                "sass/sass-spec": "*",
                "squizlabs/php_codesniffer": "~3.5",
                "symfony/phpunit-bridge": "^5.1",
                "thoughtbot/bourbon": "^7.0",
                "twbs/bootstrap": "~5.0",
                "twbs/bootstrap4": "4.6.0",
                "zurb/foundation": "~6.5"
            },
            "suggest": {
                "ext-iconv": "Can be used as fallback when ext-mbstring is not available",
                "ext-mbstring": "For best performance, mbstring should be installed as it is faster than ext-iconv"
            },
            "bin": [
                "bin/pscss"
            ],
            "type": "library",
            "autoload": {
                "psr-4": {
                    "ScssPhp\\ScssPhp\\": "src/"
                }
            },
            "notification-url": "https://packagist.org/downloads/",
            "license": [
                "MIT"
            ],
            "authors": [
                {
                    "name": "Anthon Pang",
                    "email": "apang@softwaredevelopment.ca",
                    "homepage": "https://github.com/robocoder"
                },
                {
                    "name": "Cédric Morin",
                    "email": "cedric@yterium.com",
                    "homepage": "https://github.com/Cerdic"
                }
            ],
            "description": "scssphp is a compiler for SCSS written in PHP.",
            "homepage": "http://scssphp.github.io/scssphp/",
            "keywords": [
                "css",
                "less",
                "sass",
                "scss",
                "stylesheet"
            ],
            "support": {
                "issues": "https://github.com/scssphp/scssphp/issues",
                "source": "https://github.com/scssphp/scssphp/tree/v1.8.1"
            },
            "time": "2021-09-18T21:20:53+00:00"
        }
    ],
    "packages-dev": [],
    "aliases": [],
    "minimum-stability": "stable",
    "stability-flags": [],
    "prefer-stable": false,
    "prefer-lowest": false,
    "platform": [],
    "platform-dev": [],
    "plugin-api-version": "2.1.0"
}
